
Microsoft Visual Studio Solution File, Format Version 12.00
# Visual Studio Version 17
VisualStudioVersion = 17.5.33516.290
MinimumVisualStudioVersion = 10.0.40219.1
Project("{FAE04EC0-301F-11D3-BF4B-00C04F79EFBC}") = "WEbapp", "WEbapp\WEbapp.csproj", "{C02F56F0-B9C9-40A4-8465-FD8F5A00F25F}"
EndProject
Global
	GlobalSection(SolutionConfigurationPlatforms) = preSolution
		Debug|Any CPU = Debug|Any CPU
		Release|Any CPU = Release|Any CPU
	EndGlobalSection
	GlobalSection(ProjectConfigurationPlatforms) = postSolution
		{C02F56F0-B9C9-40A4-8465-FD8F5A00F25F}.Debug|Any CPU.ActiveCfg = Debug|Any CPU
		{C02F56F0-B9C9-40A4-8465-FD8F5A00F25F}.Debug|Any CPU.Build.0 = Debug|Any CPU
		{C02F56F0-B9C9-40A4-8465-FD8F5A00F25F}.Release|Any CPU.ActiveCfg = Release|Any CPU
		{C02F56F0-B9C9-40A4-8465-FD8F5A00F25F}.Release|Any CPU.Build.0 = Release|Any CPU
	EndGlobalSection
	GlobalSection(SolutionProperties) = preSolution
		HideSolutionNode = FALSE
	EndGlobalSection
	GlobalSection(ExtensibilityGlobals) = postSolution
		SolutionGuid = {BAF8E6BB-C3FF-438D-905D-62BA9B7D6F9B}
	EndGlobalSection
EndGlobal
